// !$*UTF8*$!
{
	archiveVersion = 1;
	classes = {
	};
	objectVersion = 48;
	objects = {

/* Begin PBXBuildFile section */
		2E388CAC82D57EE643AC7C59 /* Pods_Food_Diary_App_UITests.framework in Frameworks */ = {isa = PBXBuildFile; fileRef = 8FE7B708F7170D4055C55FB7 /* Pods_Food_Diary_App_UITests.framework */; };
		373891DAD9C61286CE8A3716 /* Pods_Food_Diary_App_.framework in Frameworks */ = {isa = PBXBuildFile; fileRef = AC99E38A86A30C8DB3F642E7 /* Pods_Food_Diary_App_.framework */; };
		5ED87B49F86EA263E6B4C293 /* Pods_Food_Diary_App_Tests.framework in Frameworks */ = {isa = PBXBuildFile; fileRef = 8A7BBA844F0BBB3BE83A4317 /* Pods_Food_Diary_App_Tests.framework */; };
		B506BECC2015401000680B46 /* IntroductionViewController.swift in Sources */ = {isa = PBXBuildFile; fileRef = B506BECB2015401000680B46 /* IntroductionViewController.swift */; };
		B53422451FE16947002C2540 /* KDCircularProgress.swift in Sources */ = {isa = PBXBuildFile; fileRef = B53422441FE16947002C2540 /* KDCircularProgress.swift */; };
		B53422471FE16D13002C2540 /* homepageViewController.swift in Sources */ = {isa = PBXBuildFile; fileRef = B53422461FE16D13002C2540 /* homepageViewController.swift */; };
		B54DEF4D20112EB900251A19 /* FileManagerModel.swift in Sources */ = {isa = PBXBuildFile; fileRef = B54DEF4C20112EB900251A19 /* FileManagerModel.swift */; };
		B55234331FE9AC79009A757D /* CameraViewController.swift in Sources */ = {isa = PBXBuildFile; fileRef = B55234321FE9AC79009A757D /* CameraViewController.swift */; };
		B553E13D2012A0BD000E6D43 /* DashboardViewController.swift in Sources */ = {isa = PBXBuildFile; fileRef = B553E13C2012A0BD000E6D43 /* DashboardViewController.swift */; };
		B55C97C3201BDD600087E29D /* LogInPageViewController.swift in Sources */ = {isa = PBXBuildFile; fileRef = B55C97C2201BDD600087E29D /* LogInPageViewController.swift */; };
		B55C97C5201BDEFA0087E29D /* RecoverPasswordViewController.swift in Sources */ = {isa = PBXBuildFile; fileRef = B55C97C4201BDEFA0087E29D /* RecoverPasswordViewController.swift */; };
		B57935361FE022DE00E663DB /* AppDelegate.swift in Sources */ = {isa = PBXBuildFile; fileRef = B57935351FE022DE00E663DB /* AppDelegate.swift */; };
		B57935381FE022DE00E663DB /* ViewController.swift in Sources */ = {isa = PBXBuildFile; fileRef = B57935371FE022DE00E663DB /* ViewController.swift */; };
		B579353B1FE022DE00E663DB /* Main.storyboard in Resources */ = {isa = PBXBuildFile; fileRef = B57935391FE022DE00E663DB /* Main.storyboard */; };
		B57935401FE022DE00E663DB /* LaunchScreen.storyboard in Resources */ = {isa = PBXBuildFile; fileRef = B579353E1FE022DE00E663DB /* LaunchScreen.storyboard */; };
		B579354B1FE022DE00E663DB /* Food_Diary_App_Tests.swift in Sources */ = {isa = PBXBuildFile; fileRef = B579354A1FE022DE00E663DB /* Food_Diary_App_Tests.swift */; };
		B57935561FE022DE00E663DB /* Food_Diary_App_UITests.swift in Sources */ = {isa = PBXBuildFile; fileRef = B57935551FE022DE00E663DB /* Food_Diary_App_UITests.swift */; };
		B57935641FE0234600E663DB /* GoogleService-Info.plist in Resources */ = {isa = PBXBuildFile; fileRef = B57935631FE0234600E663DB /* GoogleService-Info.plist */; };
		B57CF9BA1FE886D7003AEB1E /* CreateUsernameViewController.swift in Sources */ = {isa = PBXBuildFile; fileRef = B57CF9B91FE886D7003AEB1E /* CreateUsernameViewController.swift */; };
		B57CF9BC1FE886E3003AEB1E /* CreateEmailViewController.swift in Sources */ = {isa = PBXBuildFile; fileRef = B57CF9BB1FE886E3003AEB1E /* CreateEmailViewController.swift */; };
		B57CF9BE1FE88712003AEB1E /* CreatePasswordViewController.swift in Sources */ = {isa = PBXBuildFile; fileRef = B57CF9BD1FE88712003AEB1E /* CreatePasswordViewController.swift */; };
		B57CF9C01FE88FD6003AEB1E /* AlertMessage.swift in Sources */ = {isa = PBXBuildFile; fileRef = B57CF9BF1FE88FD6003AEB1E /* AlertMessage.swift */; };
		B57E7F70201A845400136E54 /* accessNutritionData.swift in Sources */ = {isa = PBXBuildFile; fileRef = B57E7F6F201A845400136E54 /* accessNutritionData.swift */; };
		B5A9ADBE20121623008E11B5 /* ReportViewController.swift in Sources */ = {isa = PBXBuildFile; fileRef = B5A9ADBD20121623008E11B5 /* ReportViewController.swift */; };
		B5A9ADC020122894008E11B5 /* UIColor+colorFromHex.swift in Sources */ = {isa = PBXBuildFile; fileRef = B5A9ADBF20122894008E11B5 /* UIColor+colorFromHex.swift */; };
		B5ABB849201B6CD400FC5A0D /* SignUpPageViewController.swift in Sources */ = {isa = PBXBuildFile; fileRef = B5ABB848201B6CD400FC5A0D /* SignUpPageViewController.swift */; };
		B5C42E281FF80F8D002B887A /* Food Diary App!.xcdatamodeld in Sources */ = {isa = PBXBuildFile; fileRef = B5C42E261FF80F8D002B887A /* Food Diary App!.xcdatamodeld */; };
		B5CF1DE92017F0B80006AD90 /* PlateElementCollectionViewCell.swift in Sources */ = {isa = PBXBuildFile; fileRef = B5CF1DE82017F0B80006AD90 /* PlateElementCollectionViewCell.swift */; };
		B5CF1DEB201802CE0006AD90 /* balanceRate.swift in Sources */ = {isa = PBXBuildFile; fileRef = B5CF1DEA201802CE0006AD90 /* balanceRate.swift */; };
		B5D0CC73201B8669005295BC /* SkyFloatingLabelTextField.swift in Sources */ = {isa = PBXBuildFile; fileRef = B5D0CC70201B8669005295BC /* SkyFloatingLabelTextField.swift */; };
		B5D0CC74201B8669005295BC /* UITextField+fixCaretPosition.swift in Sources */ = {isa = PBXBuildFile; fileRef = B5D0CC71201B8669005295BC /* UITextField+fixCaretPosition.swift */; };
		B5D0CC75201B8669005295BC /* SkyFloatingLabelTextFieldWithIcon.swift in Sources */ = {isa = PBXBuildFile; fileRef = B5D0CC72201B8669005295BC /* SkyFloatingLabelTextFieldWithIcon.swift */; };
		B5D9E6341FF5B3E500CA93A0 /* DiaryTableViewCell.swift in Sources */ = {isa = PBXBuildFile; fileRef = B5D9E6331FF5B3E500CA93A0 /* DiaryTableViewCell.swift */; };
		B5D9E63A1FF5BE9900CA93A0 /* DiaryTableViewController.swift in Sources */ = {isa = PBXBuildFile; fileRef = B5D9E6391FF5BE9900CA93A0 /* DiaryTableViewController.swift */; };
		B5E204581FF698310052F6F2 /* AlbumBrowserViewController.swift in Sources */ = {isa = PBXBuildFile; fileRef = B5E204571FF698310052F6F2 /* AlbumBrowserViewController.swift */; };
		B5F454981FEC03B400310B24 /* ConfirmPhotoViewController.swift in Sources */ = {isa = PBXBuildFile; fileRef = B5F454971FEC03B400310B24 /* ConfirmPhotoViewController.swift */; };
		B5F4549C1FEC7C5400310B24 /* UIImage_Rotate.swift in Sources */ = {isa = PBXBuildFile; fileRef = B5F4549B1FEC7C5400310B24 /* UIImage_Rotate.swift */; };
		B5F61739200FAED900B0C871 /* Assets.xcassets in Resources */ = {isa = PBXBuildFile; fileRef = B5F61738200FAED900B0C871 /* Assets.xcassets */; };
/* End PBXBuildFile section */

/* Begin PBXContainerItemProxy section */
		B57935471FE022DE00E663DB /* PBXContainerItemProxy */ = {
			isa = PBXContainerItemProxy;
			containerPortal = B579352A1FE022DE00E663DB /* Project object */;
			proxyType = 1;
			remoteGlobalIDString = B57935311FE022DE00E663DB;
			remoteInfo = "Food Diary App!";
		};
		B57935521FE022DE00E663DB /* PBXContainerItemProxy */ = {
			isa = PBXContainerItemProxy;
			containerPortal = B579352A1FE022DE00E663DB /* Project object */;
			proxyType = 1;
			remoteGlobalIDString = B57935311FE022DE00E663DB;
			remoteInfo = "Food Diary App!";
		};
/* End PBXContainerItemProxy section */

/* Begin PBXFileReference section */
		17D559FE78D2CB8ABDCD4C2F /* Pods-Food Diary App!.release.xcconfig */ = {isa = PBXFileReference; includeInIndex = 1; lastKnownFileType = text.xcconfig; name = "Pods-Food Diary App!.release.xcconfig"; path = "Pods/Target Support Files/Pods-Food Diary App!/Pods-Food Diary App!.release.xcconfig"; sourceTree = "<group>"; };
		425204C9F820E487D21A9541 /* Pods-Food Diary App!Tests.release.xcconfig */ = {isa = PBXFileReference; includeInIndex = 1; lastKnownFileType = text.xcconfig; name = "Pods-Food Diary App!Tests.release.xcconfig"; path = "Pods/Target Support Files/Pods-Food Diary App!Tests/Pods-Food Diary App!Tests.release.xcconfig"; sourceTree = "<group>"; };
		62708CE8DDE7E41674550481 /* Pods-Food Diary App!.debug.xcconfig */ = {isa = PBXFileReference; includeInIndex = 1; lastKnownFileType = text.xcconfig; name = "Pods-Food Diary App!.debug.xcconfig"; path = "Pods/Target Support Files/Pods-Food Diary App!/Pods-Food Diary App!.debug.xcconfig"; sourceTree = "<group>"; };
		8A7BBA844F0BBB3BE83A4317 /* Pods_Food_Diary_App_Tests.framework */ = {isa = PBXFileReference; explicitFileType = wrapper.framework; includeInIndex = 0; path = Pods_Food_Diary_App_Tests.framework; sourceTree = BUILT_PRODUCTS_DIR; };
		8FE7B708F7170D4055C55FB7 /* Pods_Food_Diary_App_UITests.framework */ = {isa = PBXFileReference; explicitFileType = wrapper.framework; includeInIndex = 0; path = Pods_Food_Diary_App_UITests.framework; sourceTree = BUILT_PRODUCTS_DIR; };
		9C604136E80CF06E394B128D /* Pods-Food Diary App!Tests.debug.xcconfig */ = {isa = PBXFileReference; includeInIndex = 1; lastKnownFileType = text.xcconfig; name = "Pods-Food Diary App!Tests.debug.xcconfig"; path = "Pods/Target Support Files/Pods-Food Diary App!Tests/Pods-Food Diary App!Tests.debug.xcconfig"; sourceTree = "<group>"; };
		9CCF8A4D64473F57091EEFC0 /* Pods-Food Diary App!UITests.release.xcconfig */ = {isa = PBXFileReference; includeInIndex = 1; lastKnownFileType = text.xcconfig; name = "Pods-Food Diary App!UITests.release.xcconfig"; path = "Pods/Target Support Files/Pods-Food Diary App!UITests/Pods-Food Diary App!UITests.release.xcconfig"; sourceTree = "<group>"; };
		A08B397D9C4F0A1F200238EE /* Pods-Food Diary App!UITests.debug.xcconfig */ = {isa = PBXFileReference; includeInIndex = 1; lastKnownFileType = text.xcconfig; name = "Pods-Food Diary App!UITests.debug.xcconfig"; path = "Pods/Target Support Files/Pods-Food Diary App!UITests/Pods-Food Diary App!UITests.debug.xcconfig"; sourceTree = "<group>"; };
		AC99E38A86A30C8DB3F642E7 /* Pods_Food_Diary_App_.framework */ = {isa = PBXFileReference; explicitFileType = wrapper.framework; includeInIndex = 0; path = Pods_Food_Diary_App_.framework; sourceTree = BUILT_PRODUCTS_DIR; };
		B506BECB2015401000680B46 /* IntroductionViewController.swift */ = {isa = PBXFileReference; lastKnownFileType = sourcecode.swift; path = IntroductionViewController.swift; sourceTree = "<group>"; };
		B53422441FE16947002C2540 /* KDCircularProgress.swift */ = {isa = PBXFileReference; fileEncoding = 4; lastKnownFileType = sourcecode.swift; path = KDCircularProgress.swift; sourceTree = "<group>"; };
		B53422461FE16D13002C2540 /* homepageViewController.swift */ = {isa = PBXFileReference; lastKnownFileType = sourcecode.swift; path = homepageViewController.swift; sourceTree = "<group>"; };
		B54DEF4C20112EB900251A19 /* FileManagerModel.swift */ = {isa = PBXFileReference; lastKnownFileType = sourcecode.swift; path = FileManagerModel.swift; sourceTree = "<group>"; };
		B55234321FE9AC79009A757D /* CameraViewController.swift */ = {isa = PBXFileReference; lastKnownFileType = sourcecode.swift; path = CameraViewController.swift; sourceTree = "<group>"; };
		B553E13C2012A0BD000E6D43 /* DashboardViewController.swift */ = {isa = PBXFileReference; lastKnownFileType = sourcecode.swift; path = DashboardViewController.swift; sourceTree = "<group>"; };
		B55C97C2201BDD600087E29D /* LogInPageViewController.swift */ = {isa = PBXFileReference; lastKnownFileType = sourcecode.swift; path = LogInPageViewController.swift; sourceTree = "<group>"; };
		B55C97C4201BDEFA0087E29D /* RecoverPasswordViewController.swift */ = {isa = PBXFileReference; lastKnownFileType = sourcecode.swift; path = RecoverPasswordViewController.swift; sourceTree = "<group>"; };
		B57935321FE022DE00E663DB /* Food Diary App!.app */ = {isa = PBXFileReference; explicitFileType = wrapper.application; includeInIndex = 0; path = "Food Diary App!.app"; sourceTree = BUILT_PRODUCTS_DIR; };
		B57935351FE022DE00E663DB /* AppDelegate.swift */ = {isa = PBXFileReference; lastKnownFileType = sourcecode.swift; path = AppDelegate.swift; sourceTree = "<group>"; };
		B57935371FE022DE00E663DB /* ViewController.swift */ = {isa = PBXFileReference; lastKnownFileType = sourcecode.swift; path = ViewController.swift; sourceTree = "<group>"; };
		B579353A1FE022DE00E663DB /* Base */ = {isa = PBXFileReference; lastKnownFileType = file.storyboard; name = Base; path = Base.lproj/Main.storyboard; sourceTree = "<group>"; };
		B579353F1FE022DE00E663DB /* Base */ = {isa = PBXFileReference; lastKnownFileType = file.storyboard; name = Base; path = Base.lproj/LaunchScreen.storyboard; sourceTree = "<group>"; };
		B57935411FE022DE00E663DB /* Info.plist */ = {isa = PBXFileReference; lastKnownFileType = text.plist.xml; path = Info.plist; sourceTree = "<group>"; };
		B57935461FE022DE00E663DB /* Food Diary App!Tests.xctest */ = {isa = PBXFileReference; explicitFileType = wrapper.cfbundle; includeInIndex = 0; path = "Food Diary App!Tests.xctest"; sourceTree = BUILT_PRODUCTS_DIR; };
		B579354A1FE022DE00E663DB /* Food_Diary_App_Tests.swift */ = {isa = PBXFileReference; lastKnownFileType = sourcecode.swift; path = Food_Diary_App_Tests.swift; sourceTree = "<group>"; };
		B579354C1FE022DE00E663DB /* Info.plist */ = {isa = PBXFileReference; lastKnownFileType = text.plist.xml; path = Info.plist; sourceTree = "<group>"; };
		B57935511FE022DE00E663DB /* Food Diary App!UITests.xctest */ = {isa = PBXFileReference; explicitFileType = wrapper.cfbundle; includeInIndex = 0; path = "Food Diary App!UITests.xctest"; sourceTree = BUILT_PRODUCTS_DIR; };
		B57935551FE022DE00E663DB /* Food_Diary_App_UITests.swift */ = {isa = PBXFileReference; lastKnownFileType = sourcecode.swift; path = Food_Diary_App_UITests.swift; sourceTree = "<group>"; };
		B57935571FE022DE00E663DB /* Info.plist */ = {isa = PBXFileReference; lastKnownFileType = text.plist.xml; path = Info.plist; sourceTree = "<group>"; };
		B57935631FE0234600E663DB /* GoogleService-Info.plist */ = {isa = PBXFileReference; fileEncoding = 4; lastKnownFileType = text.plist.xml; path = "GoogleService-Info.plist"; sourceTree = "<group>"; };
		B57CF9B91FE886D7003AEB1E /* CreateUsernameViewController.swift */ = {isa = PBXFileReference; lastKnownFileType = sourcecode.swift; path = CreateUsernameViewController.swift; sourceTree = "<group>"; };
		B57CF9BB1FE886E3003AEB1E /* CreateEmailViewController.swift */ = {isa = PBXFileReference; lastKnownFileType = sourcecode.swift; path = CreateEmailViewController.swift; sourceTree = "<group>"; };
		B57CF9BD1FE88712003AEB1E /* CreatePasswordViewController.swift */ = {isa = PBXFileReference; lastKnownFileType = sourcecode.swift; path = CreatePasswordViewController.swift; sourceTree = "<group>"; };
		B57CF9BF1FE88FD6003AEB1E /* AlertMessage.swift */ = {isa = PBXFileReference; lastKnownFileType = sourcecode.swift; path = AlertMessage.swift; sourceTree = "<group>"; };
		B57E7F6F201A845400136E54 /* accessNutritionData.swift */ = {isa = PBXFileReference; lastKnownFileType = sourcecode.swift; path = accessNutritionData.swift; sourceTree = "<group>"; };
		B5A9ADBD20121623008E11B5 /* ReportViewController.swift */ = {isa = PBXFileReference; lastKnownFileType = sourcecode.swift; path = ReportViewController.swift; sourceTree = "<group>"; };
		B5A9ADBF20122894008E11B5 /* UIColor+colorFromHex.swift */ = {isa = PBXFileReference; lastKnownFileType = sourcecode.swift; path = "UIColor+colorFromHex.swift"; sourceTree = "<group>"; };
		B5ABB848201B6CD400FC5A0D /* SignUpPageViewController.swift */ = {isa = PBXFileReference; lastKnownFileType = sourcecode.swift; path = SignUpPageViewController.swift; sourceTree = "<group>"; };
		B5C42E271FF80F8D002B887A /* Core Data.xcdatamodel */ = {isa = PBXFileReference; lastKnownFileType = wrapper.xcdatamodel; path = "Core Data.xcdatamodel"; sourceTree = "<group>"; };
		B5CF1DE82017F0B80006AD90 /* PlateElementCollectionViewCell.swift */ = {isa = PBXFileReference; lastKnownFileType = sourcecode.swift; path = PlateElementCollectionViewCell.swift; sourceTree = "<group>"; };
		B5CF1DEA201802CE0006AD90 /* balanceRate.swift */ = {isa = PBXFileReference; lastKnownFileType = sourcecode.swift; path = balanceRate.swift; sourceTree = "<group>"; };
		B5D0CC70201B8669005295BC /* SkyFloatingLabelTextField.swift */ = {isa = PBXFileReference; fileEncoding = 4; lastKnownFileType = sourcecode.swift; path = SkyFloatingLabelTextField.swift; sourceTree = "<group>"; };
		B5D0CC71201B8669005295BC /* UITextField+fixCaretPosition.swift */ = {isa = PBXFileReference; fileEncoding = 4; lastKnownFileType = sourcecode.swift; path = "UITextField+fixCaretPosition.swift"; sourceTree = "<group>"; };
		B5D0CC72201B8669005295BC /* SkyFloatingLabelTextFieldWithIcon.swift */ = {isa = PBXFileReference; fileEncoding = 4; lastKnownFileType = sourcecode.swift; path = SkyFloatingLabelTextFieldWithIcon.swift; sourceTree = "<group>"; };
		B5D9E6331FF5B3E500CA93A0 /* DiaryTableViewCell.swift */ = {isa = PBXFileReference; lastKnownFileType = sourcecode.swift; path = DiaryTableViewCell.swift; sourceTree = "<group>"; };
		B5D9E6391FF5BE9900CA93A0 /* DiaryTableViewController.swift */ = {isa = PBXFileReference; lastKnownFileType = sourcecode.swift; path = DiaryTableViewController.swift; sourceTree = "<group>"; };
		B5E204571FF698310052F6F2 /* AlbumBrowserViewController.swift */ = {isa = PBXFileReference; lastKnownFileType = sourcecode.swift; path = AlbumBrowserViewController.swift; sourceTree = "<group>"; };
		B5F454971FEC03B400310B24 /* ConfirmPhotoViewController.swift */ = {isa = PBXFileReference; lastKnownFileType = sourcecode.swift; path = ConfirmPhotoViewController.swift; sourceTree = "<group>"; };
		B5F4549B1FEC7C5400310B24 /* UIImage_Rotate.swift */ = {isa = PBXFileReference; lastKnownFileType = sourcecode.swift; path = UIImage_Rotate.swift; sourceTree = "<group>"; };
		B5F61738200FAED900B0C871 /* Assets.xcassets */ = {isa = PBXFileReference; lastKnownFileType = folder.assetcatalog; path = Assets.xcassets; sourceTree = "<group>"; };
/* End PBXFileReference section */

/* Begin PBXFrameworksBuildPhase section */
		B579352F1FE022DE00E663DB /* Frameworks */ = {
			isa = PBXFrameworksBuildPhase;
			buildActionMask = 2147483647;
			files = (
				373891DAD9C61286CE8A3716 /* Pods_Food_Diary_App_.framework in Frameworks */,
			);
			runOnlyForDeploymentPostprocessing = 0;
		};
		B57935431FE022DE00E663DB /* Frameworks */ = {
			isa = PBXFrameworksBuildPhase;
			buildActionMask = 2147483647;
			files = (
				5ED87B49F86EA263E6B4C293 /* Pods_Food_Diary_App_Tests.framework in Frameworks */,
			);
			runOnlyForDeploymentPostprocessing = 0;
		};
		B579354E1FE022DE00E663DB /* Frameworks */ = {
			isa = PBXFrameworksBuildPhase;
			buildActionMask = 2147483647;
			files = (
				2E388CAC82D57EE643AC7C59 /* Pods_Food_Diary_App_UITests.framework in Frameworks */,
			);
			runOnlyForDeploymentPostprocessing = 0;
		};
/* End PBXFrameworksBuildPhase section */

/* Begin PBXGroup section */
		0CEB4A157D41D8E9D1A2D617 /* Frameworks */ = {
			isa = PBXGroup;
			children = (
				AC99E38A86A30C8DB3F642E7 /* Pods_Food_Diary_App_.framework */,
				8A7BBA844F0BBB3BE83A4317 /* Pods_Food_Diary_App_Tests.framework */,
				8FE7B708F7170D4055C55FB7 /* Pods_Food_Diary_App_UITests.framework */,
			);
			name = Frameworks;
			sourceTree = "<group>";
		};
		B57935291FE022DE00E663DB = {
			isa = PBXGroup;
			children = (
				B57935341FE022DE00E663DB /* Food Diary App! */,
				B57935491FE022DE00E663DB /* Food Diary App!Tests */,
				B57935541FE022DE00E663DB /* Food Diary App!UITests */,
				B57935331FE022DE00E663DB /* Products */,
				F2E1F04D1CF9DF94F6356B27 /* Pods */,
				0CEB4A157D41D8E9D1A2D617 /* Frameworks */,
			);
			sourceTree = "<group>";
		};
		B57935331FE022DE00E663DB /* Products */ = {
			isa = PBXGroup;
			children = (
				B57935321FE022DE00E663DB /* Food Diary App!.app */,
				B57935461FE022DE00E663DB /* Food Diary App!Tests.xctest */,
				B57935511FE022DE00E663DB /* Food Diary App!UITests.xctest */,
			);
			name = Products;
			sourceTree = "<group>";
		};
		B57935341FE022DE00E663DB /* Food Diary App! */ = {
			isa = PBXGroup;
			children = (
				B59F55871FE9566400E22CCD /* Model */,
				B59F55861FE9566200E22CCD /* View */,
				B59F55851FE9566000E22CCD /* Controller */,
				B59F55841FE9565600E22CCD /* Helper */,
				B5F61738200FAED900B0C871 /* Assets.xcassets */,
				B57935351FE022DE00E663DB /* AppDelegate.swift */,
				B5C42E261FF80F8D002B887A /* Food Diary App!.xcdatamodeld */,
				B579353E1FE022DE00E663DB /* LaunchScreen.storyboard */,
				B57935411FE022DE00E663DB /* Info.plist */,
				B57935631FE0234600E663DB /* GoogleService-Info.plist */,
			);
			path = "Food Diary App!";
			sourceTree = "<group>";
		};
		B57935491FE022DE00E663DB /* Food Diary App!Tests */ = {
			isa = PBXGroup;
			children = (
				B579354A1FE022DE00E663DB /* Food_Diary_App_Tests.swift */,
				B579354C1FE022DE00E663DB /* Info.plist */,
			);
			path = "Food Diary App!Tests";
			sourceTree = "<group>";
		};
		B57935541FE022DE00E663DB /* Food Diary App!UITests */ = {
			isa = PBXGroup;
			children = (
				B57935551FE022DE00E663DB /* Food_Diary_App_UITests.swift */,
				B57935571FE022DE00E663DB /* Info.plist */,
			);
			path = "Food Diary App!UITests";
			sourceTree = "<group>";
		};
		B59F55841FE9565600E22CCD /* Helper */ = {
			isa = PBXGroup;
			children = (
				B5D0CC6F201B8669005295BC /* Sources */,
				B53422441FE16947002C2540 /* KDCircularProgress.swift */,
				B5F4549B1FEC7C5400310B24 /* UIImage_Rotate.swift */,
				B5A9ADBF20122894008E11B5 /* UIColor+colorFromHex.swift */,
			);
			path = Helper;
			sourceTree = "<group>";
		};
		B59F55851FE9566000E22CCD /* Controller */ = {
			isa = PBXGroup;
			children = (
				B5E204571FF698310052F6F2 /* AlbumBrowserViewController.swift */,
				B55234321FE9AC79009A757D /* CameraViewController.swift */,
				B5F454971FEC03B400310B24 /* ConfirmPhotoViewController.swift */,
				B57CF9BB1FE886E3003AEB1E /* CreateEmailViewController.swift */,
				B57CF9BD1FE88712003AEB1E /* CreatePasswordViewController.swift */,
				B57CF9B91FE886D7003AEB1E /* CreateUsernameViewController.swift */,
				B553E13C2012A0BD000E6D43 /* DashboardViewController.swift */,
				B5D9E6331FF5B3E500CA93A0 /* DiaryTableViewCell.swift */,
				B5D9E6391FF5BE9900CA93A0 /* DiaryTableViewController.swift */,
				B53422461FE16D13002C2540 /* homepageViewController.swift */,
				B506BECB2015401000680B46 /* IntroductionViewController.swift */,
				B55C97C2201BDD600087E29D /* LogInPageViewController.swift */,
				B5CF1DE82017F0B80006AD90 /* PlateElementCollectionViewCell.swift */,
				B55C97C4201BDEFA0087E29D /* RecoverPasswordViewController.swift */,
				B5A9ADBD20121623008E11B5 /* ReportViewController.swift */,
				B5ABB848201B6CD400FC5A0D /* SignUpPageViewController.swift */,
				B57935371FE022DE00E663DB /* ViewController.swift */,
			);
			path = Controller;
			sourceTree = "<group>";
		};
		B59F55861FE9566200E22CCD /* View */ = {
			isa = PBXGroup;
			children = (
				B57935391FE022DE00E663DB /* Main.storyboard */,
			);
			path = View;
			sourceTree = "<group>";
		};
		B59F55871FE9566400E22CCD /* Model */ = {
			isa = PBXGroup;
			children = (
				B57CF9BF1FE88FD6003AEB1E /* AlertMessage.swift */,
				B54DEF4C20112EB900251A19 /* FileManagerModel.swift */,
				B57E7F6F201A845400136E54 /* accessNutritionData.swift */,
				B5CF1DEA201802CE0006AD90 /* balanceRate.swift */,
			);
			path = Model;
			sourceTree = "<group>";
		};
		B5D0CC6F201B8669005295BC /* Sources */ = {
			isa = PBXGroup;
			children = (
				B5D0CC70201B8669005295BC /* SkyFloatingLabelTextField.swift */,
				B5D0CC71201B8669005295BC /* UITextField+fixCaretPosition.swift */,
				B5D0CC72201B8669005295BC /* SkyFloatingLabelTextFieldWithIcon.swift */,
			);
			path = Sources;
			sourceTree = "<group>";
		};
		F2E1F04D1CF9DF94F6356B27 /* Pods */ = {
			isa = PBXGroup;
			children = (
				62708CE8DDE7E41674550481 /* Pods-Food Diary App!.debug.xcconfig */,
				17D559FE78D2CB8ABDCD4C2F /* Pods-Food Diary App!.release.xcconfig */,
				9C604136E80CF06E394B128D /* Pods-Food Diary App!Tests.debug.xcconfig */,
				425204C9F820E487D21A9541 /* Pods-Food Diary App!Tests.release.xcconfig */,
				A08B397D9C4F0A1F200238EE /* Pods-Food Diary App!UITests.debug.xcconfig */,
				9CCF8A4D64473F57091EEFC0 /* Pods-Food Diary App!UITests.release.xcconfig */,
			);
			name = Pods;
			sourceTree = "<group>";
		};
/* End PBXGroup section */

/* Begin PBXNativeTarget section */
		B57935311FE022DE00E663DB /* Food Diary App! */ = {
			isa = PBXNativeTarget;
			buildConfigurationList = B579355A1FE022DE00E663DB /* Build configuration list for PBXNativeTarget "Food Diary App!" */;
			buildPhases = (
				0023C76652AEAE9E735AAD74 /* [CP] Check Pods Manifest.lock */,
				B579352E1FE022DE00E663DB /* Sources */,
				B579352F1FE022DE00E663DB /* Frameworks */,
				B57935301FE022DE00E663DB /* Resources */,
				45DF41A33E2D34CDD3329B77 /* [CP] Embed Pods Frameworks */,
				19CF577C6426E4B9DBF3B16E /* [CP] Copy Pods Resources */,
			);
			buildRules = (
			);
			dependencies = (
			);
			name = "Food Diary App!";
			productName = "Food Diary App!";
			productReference = B57935321FE022DE00E663DB /* Food Diary App!.app */;
			productType = "com.apple.product-type.application";
		};
		B57935451FE022DE00E663DB /* Food Diary App!Tests */ = {
			isa = PBXNativeTarget;
			buildConfigurationList = B579355D1FE022DE00E663DB /* Build configuration list for PBXNativeTarget "Food Diary App!Tests" */;
			buildPhases = (
				BE996A0BB2ABEACE3E0DD14F /* [CP] Check Pods Manifest.lock */,
				B57935421FE022DE00E663DB /* Sources */,
				B57935431FE022DE00E663DB /* Frameworks */,
				B57935441FE022DE00E663DB /* Resources */,
				DA22E0093DE9548A386CEC60 /* [CP] Embed Pods Frameworks */,
				5ABB344CF4AA472DFB520E07 /* [CP] Copy Pods Resources */,
			);
			buildRules = (
			);
			dependencies = (
				B57935481FE022DE00E663DB /* PBXTargetDependency */,
			);
			name = "Food Diary App!Tests";
			productName = "Food Diary App!Tests";
			productReference = B57935461FE022DE00E663DB /* Food Diary App!Tests.xctest */;
			productType = "com.apple.product-type.bundle.unit-test";
		};
		B57935501FE022DE00E663DB /* Food Diary App!UITests */ = {
			isa = PBXNativeTarget;
			buildConfigurationList = B57935601FE022DE00E663DB /* Build configuration list for PBXNativeTarget "Food Diary App!UITests" */;
			buildPhases = (
				7B7C64509D26301FEE2CD94D /* [CP] Check Pods Manifest.lock */,
				B579354D1FE022DE00E663DB /* Sources */,
				B579354E1FE022DE00E663DB /* Frameworks */,
				B579354F1FE022DE00E663DB /* Resources */,
				1A02338E7DFB19202279632D /* [CP] Embed Pods Frameworks */,
				C8AA0D5EA3C8ABEF3CFA591C /* [CP] Copy Pods Resources */,
			);
			buildRules = (
			);
			dependencies = (
				B57935531FE022DE00E663DB /* PBXTargetDependency */,
			);
			name = "Food Diary App!UITests";
			productName = "Food Diary App!UITests";
			productReference = B57935511FE022DE00E663DB /* Food Diary App!UITests.xctest */;
			productType = "com.apple.product-type.bundle.ui-testing";
		};
/* End PBXNativeTarget section */

/* Begin PBXProject section */
		B579352A1FE022DE00E663DB /* Project object */ = {
			isa = PBXProject;
			attributes = {
				LastSwiftUpdateCheck = 0920;
				LastUpgradeCheck = 0920;
				ORGANIZATIONNAME = BenShih;
				TargetAttributes = {
					B57935311FE022DE00E663DB = {
						CreatedOnToolsVersion = 9.2;
						ProvisioningStyle = Automatic;
					};
					B57935451FE022DE00E663DB = {
						CreatedOnToolsVersion = 9.2;
						ProvisioningStyle = Automatic;
						TestTargetID = B57935311FE022DE00E663DB;
					};
					B57935501FE022DE00E663DB = {
						CreatedOnToolsVersion = 9.2;
						ProvisioningStyle = Automatic;
						TestTargetID = B57935311FE022DE00E663DB;
					};
				};
			};
			buildConfigurationList = B579352D1FE022DE00E663DB /* Build configuration list for PBXProject "Food Diary App!" */;
			compatibilityVersion = "Xcode 8.0";
			developmentRegion = en;
			hasScannedForEncodings = 0;
			knownRegions = (
				en,
				Base,
			);
			mainGroup = B57935291FE022DE00E663DB;
			productRefGroup = B57935331FE022DE00E663DB /* Products */;
			projectDirPath = "";
			projectRoot = "";
			targets = (
				B57935311FE022DE00E663DB /* Food Diary App! */,
				B57935451FE022DE00E663DB /* Food Diary App!Tests */,
				B57935501FE022DE00E663DB /* Food Diary App!UITests */,
			);
		};
/* End PBXProject section */

/* Begin PBXResourcesBuildPhase section */
		B57935301FE022DE00E663DB /* Resources */ = {
			isa = PBXResourcesBuildPhase;
			buildActionMask = 2147483647;
			files = (
				B57935641FE0234600E663DB /* GoogleService-Info.plist in Resources */,
				B57935401FE022DE00E663DB /* LaunchScreen.storyboard in Resources */,
				B5F61739200FAED900B0C871 /* Assets.xcassets in Resources */,
				B579353B1FE022DE00E663DB /* Main.storyboard in Resources */,
			);
			runOnlyForDeploymentPostprocessing = 0;
		};
		B57935441FE022DE00E663DB /* Resources */ = {
			isa = PBXResourcesBuildPhase;
			buildActionMask = 2147483647;
			files = (
			);
			runOnlyForDeploymentPostprocessing = 0;
		};
		B579354F1FE022DE00E663DB /* Resources */ = {
			isa = PBXResourcesBuildPhase;
			buildActionMask = 2147483647;
			files = (
			);
			runOnlyForDeploymentPostprocessing = 0;
		};
/* End PBXResourcesBuildPhase section */

/* Begin PBXShellScriptBuildPhase section */
		0023C76652AEAE9E735AAD74 /* [CP] Check Pods Manifest.lock */ = {
			isa = PBXShellScriptBuildPhase;
			buildActionMask = 12;
			files = (
			);
			inputPaths = (
				"${PODS_PODFILE_DIR_PATH}/Podfile.lock",
				"${PODS_ROOT}/Manifest.lock",
			);
			name = "[CP] Check Pods Manifest.lock";
			outputPaths = (
				"$(DERIVED_FILE_DIR)/Pods-Food Diary App!-checkManifestLockResult.txt",
			);
			runOnlyForDeploymentPostprocessing = 0;
			shellPath = /bin/sh;
			shellScript = "diff \"${PODS_ROOT}/../Podfile.lock\" \"${PODS_ROOT}/Manifest.lock\" > /dev/null\nif [ $? != 0 ] ; then\n    # print error to STDERR\n    echo \"error: The sandbox is not in sync with the Podfile.lock. Run 'pod install' or update your CocoaPods installation.\" >&2\n    exit 1\nfi\n";
			showEnvVarsInLog = 0;
		};
		19CF577C6426E4B9DBF3B16E /* [CP] Copy Pods Resources */ = {
			isa = PBXShellScriptBuildPhase;
			buildActionMask = 2147483647;
			files = (
			);
			inputPaths = (
			);
			name = "[CP] Copy Pods Resources";
			outputPaths = (
			);
			runOnlyForDeploymentPostprocessing = 0;
			shellPath = /bin/sh;
			shellScript = "\"${SRCROOT}/Pods/Target Support Files/Pods-Food Diary App!/Pods-Food Diary App!-resources.sh\"\n";
			showEnvVarsInLog = 0;
		};
		1A02338E7DFB19202279632D /* [CP] Embed Pods Frameworks */ = {
			isa = PBXShellScriptBuildPhase;
			buildActionMask = 2147483647;
			files = (
			);
			inputPaths = (
			);
			name = "[CP] Embed Pods Frameworks";
			outputPaths = (
			);
			runOnlyForDeploymentPostprocessing = 0;
			shellPath = /bin/sh;
			shellScript = "\"${SRCROOT}/Pods/Target Support Files/Pods-Food Diary App!UITests/Pods-Food Diary App!UITests-frameworks.sh\"\n";
			showEnvVarsInLog = 0;
		};
		45DF41A33E2D34CDD3329B77 /* [CP] Embed Pods Frameworks */ = {
			isa = PBXShellScriptBuildPhase;
			buildActionMask = 2147483647;
			files = (
			);
			inputPaths = (
				"${SRCROOT}/Pods/Target Support Files/Pods-Food Diary App!/Pods-Food Diary App!-frameworks.sh",
				"${BUILT_PRODUCTS_DIR}/Bolts/Bolts.framework",
				"${BUILT_PRODUCTS_DIR}/FBSDKCoreKit/FBSDKCoreKit.framework",
				"${BUILT_PRODUCTS_DIR}/FBSDKLoginKit/FBSDKLoginKit.framework",
				"${BUILT_PRODUCTS_DIR}/GTMSessionFetcher/GTMSessionFetcher.framework",
				"${BUILT_PRODUCTS_DIR}/GoogleToolboxForMac/GoogleToolboxForMac.framework",
				"${BUILT_PRODUCTS_DIR}/IBAnimatable/IBAnimatable.framework",
				"${BUILT_PRODUCTS_DIR}/ILLoginKit/ILLoginKit.framework",
				"${BUILT_PRODUCTS_DIR}/IQKeyboardManagerSwift/IQKeyboardManagerSwift.framework",
				"${BUILT_PRODUCTS_DIR}/SCLAlertView/SCLAlertView.framework",
				"${BUILT_PRODUCTS_DIR}/SKPhotoBrowser/SKPhotoBrowser.framework",
				"${BUILT_PRODUCTS_DIR}/ScrollableGraphView/ScrollableGraphView.framework",
				"${BUILT_PRODUCTS_DIR}/TextFieldEffects/TextFieldEffects.framework",
				"${BUILT_PRODUCTS_DIR}/Validator/Validator.framework",
				"${BUILT_PRODUCTS_DIR}/nanopb/nanopb.framework",
			);
			name = "[CP] Embed Pods Frameworks";
			outputPaths = (
				"${TARGET_BUILD_DIR}/${FRAMEWORKS_FOLDER_PATH}/Bolts.framework",
				"${TARGET_BUILD_DIR}/${FRAMEWORKS_FOLDER_PATH}/FBSDKCoreKit.framework",
				"${TARGET_BUILD_DIR}/${FRAMEWORKS_FOLDER_PATH}/FBSDKLoginKit.framework",
				"${TARGET_BUILD_DIR}/${FRAMEWORKS_FOLDER_PATH}/GTMSessionFetcher.framework",
				"${TARGET_BUILD_DIR}/${FRAMEWORKS_FOLDER_PATH}/GoogleToolboxForMac.framework",
				"${TARGET_BUILD_DIR}/${FRAMEWORKS_FOLDER_PATH}/IBAnimatable.framework",
				"${TARGET_BUILD_DIR}/${FRAMEWORKS_FOLDER_PATH}/ILLoginKit.framework",
				"${TARGET_BUILD_DIR}/${FRAMEWORKS_FOLDER_PATH}/IQKeyboardManagerSwift.framework",
				"${TARGET_BUILD_DIR}/${FRAMEWORKS_FOLDER_PATH}/SCLAlertView.framework",
				"${TARGET_BUILD_DIR}/${FRAMEWORKS_FOLDER_PATH}/SKPhotoBrowser.framework",
				"${TARGET_BUILD_DIR}/${FRAMEWORKS_FOLDER_PATH}/ScrollableGraphView.framework",
				"${TARGET_BUILD_DIR}/${FRAMEWORKS_FOLDER_PATH}/TextFieldEffects.framework",
				"${TARGET_BUILD_DIR}/${FRAMEWORKS_FOLDER_PATH}/Validator.framework",
				"${TARGET_BUILD_DIR}/${FRAMEWORKS_FOLDER_PATH}/nanopb.framework",
			);
			runOnlyForDeploymentPostprocessing = 0;
			shellPath = /bin/sh;
			shellScript = "\"${SRCROOT}/Pods/Target Support Files/Pods-Food Diary App!/Pods-Food Diary App!-frameworks.sh\"\n";
			showEnvVarsInLog = 0;
		};
		5ABB344CF4AA472DFB520E07 /* [CP] Copy Pods Resources */ = {
			isa = PBXShellScriptBuildPhase;
			buildActionMask = 2147483647;
			files = (
			);
			inputPaths = (
			);
			name = "[CP] Copy Pods Resources";
			outputPaths = (
			);
			runOnlyForDeploymentPostprocessing = 0;
			shellPath = /bin/sh;
			shellScript = "\"${SRCROOT}/Pods/Target Support Files/Pods-Food Diary App!Tests/Pods-Food Diary App!Tests-resources.sh\"\n";
			showEnvVarsInLog = 0;
		};
		7B7C64509D26301FEE2CD94D /* [CP] Check Pods Manifest.lock */ = {
			isa = PBXShellScriptBuildPhase;
			buildActionMask = 2147483647;
			files = (
			);
			inputPaths = (
				"${PODS_PODFILE_DIR_PATH}/Podfile.lock",
				"${PODS_ROOT}/Manifest.lock",
			);
			name = "[CP] Check Pods Manifest.lock";
			outputPaths = (
				"$(DERIVED_FILE_DIR)/Pods-Food Diary App!UITests-checkManifestLockResult.txt",
			);
			runOnlyForDeploymentPostprocessing = 0;
			shellPath = /bin/sh;
			shellScript = "diff \"${PODS_ROOT}/../Podfile.lock\" \"${PODS_ROOT}/Manifest.lock\" > /dev/null\nif [ $? != 0 ] ; then\n    # print error to STDERR\n    echo \"error: The sandbox is not in sync with the Podfile.lock. Run 'pod install' or update your CocoaPods installation.\" >&2\n    exit 1\nfi\n";
			showEnvVarsInLog = 0;
		};
		BE996A0BB2ABEACE3E0DD14F /* [CP] Check Pods Manifest.lock */ = {
			isa = PBXShellScriptBuildPhase;
			buildActionMask = 2147483647;
			files = (
			);
			inputPaths = (
				"${PODS_PODFILE_DIR_PATH}/Podfile.lock",
				"${PODS_ROOT}/Manifest.lock",
			);
			name = "[CP] Check Pods Manifest.lock";
			outputPaths = (
				"$(DERIVED_FILE_DIR)/Pods-Food Diary App!Tests-checkManifestLockResult.txt",
			);
			runOnlyForDeploymentPostprocessing = 0;
			shellPath = /bin/sh;
			shellScript = "diff \"${PODS_ROOT}/../Podfile.lock\" \"${PODS_ROOT}/Manifest.lock\" > /dev/null\nif [ $? != 0 ] ; then\n    # print error to STDERR\n    echo \"error: The sandbox is not in sync with the Podfile.lock. Run 'pod install' or update your CocoaPods installation.\" >&2\n    exit 1\nfi\n";
			showEnvVarsInLog = 0;
		};
		C8AA0D5EA3C8ABEF3CFA591C /* [CP] Copy Pods Resources */ = {
			isa = PBXShellScriptBuildPhase;
			buildActionMask = 2147483647;
			files = (
			);
			inputPaths = (
			);
			name = "[CP] Copy Pods Resources";
			outputPaths = (
			);
			runOnlyForDeploymentPostprocessing = 0;
			shellPath = /bin/sh;
			shellScript = "\"${SRCROOT}/Pods/Target Support Files/Pods-Food Diary App!UITests/Pods-Food Diary App!UITests-resources.sh\"\n";
			showEnvVarsInLog = 0;
		};
		DA22E0093DE9548A386CEC60 /* [CP] Embed Pods Frameworks */ = {
			isa = PBXShellScriptBuildPhase;
			buildActionMask = 2147483647;
			files = (
			);
			inputPaths = (
			);
			name = "[CP] Embed Pods Frameworks";
			outputPaths = (
			);
			runOnlyForDeploymentPostprocessing = 0;
			shellPath = /bin/sh;
			shellScript = "\"${SRCROOT}/Pods/Target Support Files/Pods-Food Diary App!Tests/Pods-Food Diary App!Tests-frameworks.sh\"\n";
			showEnvVarsInLog = 0;
		};
/* End PBXShellScriptBuildPhase section */

/* Begin PBXSourcesBuildPhase section */
		B579352E1FE022DE00E663DB /* Sources */ = {
			isa = PBXSourcesBuildPhase;
			buildActionMask = 2147483647;
			files = (
				B506BECC2015401000680B46 /* IntroductionViewController.swift in Sources */,
				B57E7F70201A845400136E54 /* accessNutritionData.swift in Sources */,
				B53422471FE16D13002C2540 /* homepageViewController.swift in Sources */,
				B553E13D2012A0BD000E6D43 /* DashboardViewController.swift in Sources */,
				B5C42E281FF80F8D002B887A /* Food Diary App!.xcdatamodeld in Sources */,
				B55C97C3201BDD600087E29D /* LogInPageViewController.swift in Sources */,
				B5CF1DEB201802CE0006AD90 /* balanceRate.swift in Sources */,
				B5A9ADBE20121623008E11B5 /* ReportViewController.swift in Sources */,
				B5CF1DE92017F0B80006AD90 /* PlateElementCollectionViewCell.swift in Sources */,
				B5D9E6341FF5B3E500CA93A0 /* DiaryTableViewCell.swift in Sources */,
				B57CF9BC1FE886E3003AEB1E /* CreateEmailViewController.swift in Sources */,
				B57CF9C01FE88FD6003AEB1E /* AlertMessage.swift in Sources */,
				B53422451FE16947002C2540 /* KDCircularProgress.swift in Sources */,
				B5D0CC74201B8669005295BC /* UITextField+fixCaretPosition.swift in Sources */,
				B5F454981FEC03B400310B24 /* ConfirmPhotoViewController.swift in Sources */,
				B57935381FE022DE00E663DB /* ViewController.swift in Sources */,
				B5D9E63A1FF5BE9900CA93A0 /* DiaryTableViewController.swift in Sources */,
				B5F4549C1FEC7C5400310B24 /* UIImage_Rotate.swift in Sources */,
				B5D0CC75201B8669005295BC /* SkyFloatingLabelTextFieldWithIcon.swift in Sources */,
				B57CF9BA1FE886D7003AEB1E /* CreateUsernameViewController.swift in Sources */,
				B57CF9BE1FE88712003AEB1E /* CreatePasswordViewController.swift in Sources */,
				B55C97C5201BDEFA0087E29D /* RecoverPasswordViewController.swift in Sources */,
				B57935361FE022DE00E663DB /* AppDelegate.swift in Sources */,
				B5ABB849201B6CD400FC5A0D /* SignUpPageViewController.swift in Sources */,
				B54DEF4D20112EB900251A19 /* FileManagerModel.swift in Sources */,
				B5A9ADC020122894008E11B5 /* UIColor+colorFromHex.swift in Sources */,
				B5D0CC73201B8669005295BC /* SkyFloatingLabelTextField.swift in Sources */,
				B5E204581FF698310052F6F2 /* AlbumBrowserViewController.swift in Sources */,
				B55234331FE9AC79009A757D /* CameraViewController.swift in Sources */,
			);
			runOnlyForDeploymentPostprocessing = 0;
		};
		B57935421FE022DE00E663DB /* Sources */ = {
			isa = PBXSourcesBuildPhase;
			buildActionMask = 2147483647;
			files = (
				B579354B1FE022DE00E663DB /* Food_Diary_App_Tests.swift in Sources */,
			);
			runOnlyForDeploymentPostprocessing = 0;
		};
		B579354D1FE022DE00E663DB /* Sources */ = {
			isa = PBXSourcesBuildPhase;
			buildActionMask = 2147483647;
			files = (
				B57935561FE022DE00E663DB /* Food_Diary_App_UITests.swift in Sources */,
			);
			runOnlyForDeploymentPostprocessing = 0;
		};
/* End PBXSourcesBuildPhase section */

/* Begin PBXTargetDependency section */
		B57935481FE022DE00E663DB /* PBXTargetDependency */ = {
			isa = PBXTargetDependency;
			target = B57935311FE022DE00E663DB /* Food Diary App! */;
			targetProxy = B57935471FE022DE00E663DB /* PBXContainerItemProxy */;
		};
		B57935531FE022DE00E663DB /* PBXTargetDependency */ = {
			isa = PBXTargetDependency;
			target = B57935311FE022DE00E663DB /* Food Diary App! */;
			targetProxy = B57935521FE022DE00E663DB /* PBXContainerItemProxy */;
		};
/* End PBXTargetDependency section */

/* Begin PBXVariantGroup section */
		B57935391FE022DE00E663DB /* Main.storyboard */ = {
			isa = PBXVariantGroup;
			children = (
				B579353A1FE022DE00E663DB /* Base */,
			);
			name = Main.storyboard;
			sourceTree = "<group>";
		};
		B579353E1FE022DE00E663DB /* LaunchScreen.storyboard */ = {
			isa = PBXVariantGroup;
			children = (
				B579353F1FE022DE00E663DB /* Base */,
			);
			name = LaunchScreen.storyboard;
			sourceTree = "<group>";
		};
/* End PBXVariantGroup section */

/* Begin XCBuildConfiguration section */
		B57935581FE022DE00E663DB /* Debug */ = {
			isa = XCBuildConfiguration;
			buildSettings = {
				ALWAYS_SEARCH_USER_PATHS = NO;
				CLANG_ANALYZER_NONNULL = YES;
				CLANG_ANALYZER_NUMBER_OBJECT_CONVERSION = YES_AGGRESSIVE;
				CLANG_CXX_LANGUAGE_STANDARD = "gnu++14";
				CLANG_CXX_LIBRARY = "libc++";
				CLANG_ENABLE_MODULES = YES;
				CLANG_ENABLE_OBJC_ARC = YES;
				CLANG_WARN_BLOCK_CAPTURE_AUTORELEASING = YES;
				CLANG_WARN_BOOL_CONVERSION = YES;
				CLANG_WARN_COMMA = YES;
				CLANG_WARN_CONSTANT_CONVERSION = YES;
				CLANG_WARN_DIRECT_OBJC_ISA_USAGE = YES_ERROR;
				CLANG_WARN_DOCUMENTATION_COMMENTS = YES;
				CLANG_WARN_EMPTY_BODY = YES;
				CLANG_WARN_ENUM_CONVERSION = YES;
				CLANG_WARN_INFINITE_RECURSION = YES;
				CLANG_WARN_INT_CONVERSION = YES;
				CLANG_WARN_NON_LITERAL_NULL_CONVERSION = YES;
				CLANG_WARN_OBJC_LITERAL_CONVERSION = YES;
				CLANG_WARN_OBJC_ROOT_CLASS = YES_ERROR;
				CLANG_WARN_RANGE_LOOP_ANALYSIS = YES;
				CLANG_WARN_STRICT_PROTOTYPES = YES;
				CLANG_WARN_SUSPICIOUS_MOVE = YES;
				CLANG_WARN_UNGUARDED_AVAILABILITY = YES_AGGRESSIVE;
				CLANG_WARN_UNREACHABLE_CODE = YES;
				CLANG_WARN__DUPLICATE_METHOD_MATCH = YES;
				CODE_SIGN_IDENTITY = "iPhone Developer";
				COPY_PHASE_STRIP = NO;
				DEBUG_INFORMATION_FORMAT = dwarf;
				ENABLE_STRICT_OBJC_MSGSEND = YES;
				ENABLE_TESTABILITY = YES;
				GCC_C_LANGUAGE_STANDARD = gnu11;
				GCC_DYNAMIC_NO_PIC = NO;
				GCC_NO_COMMON_BLOCKS = YES;
				GCC_OPTIMIZATION_LEVEL = 0;
				GCC_PREPROCESSOR_DEFINITIONS = (
					"DEBUG=1",
					"$(inherited)",
				);
				GCC_WARN_64_TO_32_BIT_CONVERSION = YES;
				GCC_WARN_ABOUT_RETURN_TYPE = YES_ERROR;
				GCC_WARN_UNDECLARED_SELECTOR = YES;
				GCC_WARN_UNINITIALIZED_AUTOS = YES_AGGRESSIVE;
				GCC_WARN_UNUSED_FUNCTION = YES;
				GCC_WARN_UNUSED_VARIABLE = YES;
				IPHONEOS_DEPLOYMENT_TARGET = 11.2;
				MTL_ENABLE_DEBUG_INFO = YES;
				ONLY_ACTIVE_ARCH = YES;
				SDKROOT = iphoneos;
				SWIFT_ACTIVE_COMPILATION_CONDITIONS = DEBUG;
				SWIFT_OPTIMIZATION_LEVEL = "-Onone";
			};
			name = Debug;
		};
		B57935591FE022DE00E663DB /* Release */ = {
			isa = XCBuildConfiguration;
			buildSettings = {
				ALWAYS_SEARCH_USER_PATHS = NO;
				CLANG_ANALYZER_NONNULL = YES;
				CLANG_ANALYZER_NUMBER_OBJECT_CONVERSION = YES_AGGRESSIVE;
				CLANG_CXX_LANGUAGE_STANDARD = "gnu++14";
				CLANG_CXX_LIBRARY = "libc++";
				CLANG_ENABLE_MODULES = YES;
				CLANG_ENABLE_OBJC_ARC = YES;
				CLANG_WARN_BLOCK_CAPTURE_AUTORELEASING = YES;
				CLANG_WARN_BOOL_CONVERSION = YES;
				CLANG_WARN_COMMA = YES;
				CLANG_WARN_CONSTANT_CONVERSION = YES;
				CLANG_WARN_DIRECT_OBJC_ISA_USAGE = YES_ERROR;
				CLANG_WARN_DOCUMENTATION_COMMENTS = YES;
				CLANG_WARN_EMPTY_BODY = YES;
				CLANG_WARN_ENUM_CONVERSION = YES;
				CLANG_WARN_INFINITE_RECURSION = YES;
				CLANG_WARN_INT_CONVERSION = YES;
				CLANG_WARN_NON_LITERAL_NULL_CONVERSION = YES;
				CLANG_WARN_OBJC_LITERAL_CONVERSION = YES;
				CLANG_WARN_OBJC_ROOT_CLASS = YES_ERROR;
				CLANG_WARN_RANGE_LOOP_ANALYSIS = YES;
				CLANG_WARN_STRICT_PROTOTYPES = YES;
				CLANG_WARN_SUSPICIOUS_MOVE = YES;
				CLANG_WARN_UNGUARDED_AVAILABILITY = YES_AGGRESSIVE;
				CLANG_WARN_UNREACHABLE_CODE = YES;
				CLANG_WARN__DUPLICATE_METHOD_MATCH = YES;
				CODE_SIGN_IDENTITY = "iPhone Developer";
				COPY_PHASE_STRIP = NO;
				DEBUG_INFORMATION_FORMAT = "dwarf-with-dsym";
				ENABLE_NS_ASSERTIONS = NO;
				ENABLE_STRICT_OBJC_MSGSEND = YES;
				GCC_C_LANGUAGE_STANDARD = gnu11;
				GCC_NO_COMMON_BLOCKS = YES;
				GCC_WARN_64_TO_32_BIT_CONVERSION = YES;
				GCC_WARN_ABOUT_RETURN_TYPE = YES_ERROR;
				GCC_WARN_UNDECLARED_SELECTOR = YES;
				GCC_WARN_UNINITIALIZED_AUTOS = YES_AGGRESSIVE;
				GCC_WARN_UNUSED_FUNCTION = YES;
				GCC_WARN_UNUSED_VARIABLE = YES;
				IPHONEOS_DEPLOYMENT_TARGET = 11.2;
				MTL_ENABLE_DEBUG_INFO = NO;
				SDKROOT = iphoneos;
				SWIFT_OPTIMIZATION_LEVEL = "-Owholemodule";
				VALIDATE_PRODUCT = YES;
			};
			name = Release;
		};
		B579355B1FE022DE00E663DB /* Debug */ = {
			isa = XCBuildConfiguration;
			baseConfigurationReference = 62708CE8DDE7E41674550481 /* Pods-Food Diary App!.debug.xcconfig */;
			buildSettings = {
				ASSETCATALOG_COMPILER_APPICON_NAME = AppIcon;
				CODE_SIGN_STYLE = Automatic;
				DEVELOPMENT_TEAM = 64KKU33NVH;
				INFOPLIST_FILE = "Food Diary App!/Info.plist";
				LD_RUNPATH_SEARCH_PATHS = "$(inherited) @executable_path/Frameworks";
				PRODUCT_BUNDLE_IDENTIFIER = "com.BenShih.Food-Diary-App-";
				PRODUCT_NAME = "$(TARGET_NAME)";
				SWIFT_VERSION = 4.0;
				TARGETED_DEVICE_FAMILY = "1,2";
			};
			name = Debug;
		};
		B579355C1FE022DE00E663DB /* Release */ = {
			isa = XCBuildConfiguration;
			baseConfigurationReference = 17D559FE78D2CB8ABDCD4C2F /* Pods-Food Diary App!.release.xcconfig */;
			buildSettings = {
				ASSETCATALOG_COMPILER_APPICON_NAME = AppIcon;
				CODE_SIGN_STYLE = Automatic;
				DEVELOPMENT_TEAM = 64KKU33NVH;
				INFOPLIST_FILE = "Food Diary App!/Info.plist";
				LD_RUNPATH_SEARCH_PATHS = "$(inherited) @executable_path/Frameworks";
				PRODUCT_BUNDLE_IDENTIFIER = "com.BenShih.Food-Diary-App-";
				PRODUCT_NAME = "$(TARGET_NAME)";
				SWIFT_VERSION = 4.0;
				TARGETED_DEVICE_FAMILY = "1,2";
			};
			name = Release;
		};
		B579355E1FE022DE00E663DB /* Debug */ = {
			isa = XCBuildConfiguration;
			baseConfigurationReference = 9C604136E80CF06E394B128D /* Pods-Food Diary App!Tests.debug.xcconfig */;
			buildSettings = {
				ALWAYS_EMBED_SWIFT_STANDARD_LIBRARIES = YES;
				BUNDLE_LOADER = "$(TEST_HOST)";
				CODE_SIGN_STYLE = Automatic;
				DEVELOPMENT_TEAM = 64KKU33NVH;
				INFOPLIST_FILE = "Food Diary App!Tests/Info.plist";
				LD_RUNPATH_SEARCH_PATHS = "$(inherited) @executable_path/Frameworks @loader_path/Frameworks";
				PRODUCT_BUNDLE_IDENTIFIER = "com.BenShih.Food-Diary-App-Tests";
				PRODUCT_NAME = "$(TARGET_NAME)";
				SWIFT_VERSION = 4.0;
				TARGETED_DEVICE_FAMILY = "1,2";
				TEST_HOST = "$(BUILT_PRODUCTS_DIR)/Food Diary App!.app/Food Diary App!";
			};
			name = Debug;
		};
		B579355F1FE022DE00E663DB /* Release */ = {
			isa = XCBuildConfiguration;
			baseConfigurationReference = 425204C9F820E487D21A9541 /* Pods-Food Diary App!Tests.release.xcconfig */;
			buildSettings = {
				ALWAYS_EMBED_SWIFT_STANDARD_LIBRARIES = YES;
				BUNDLE_LOADER = "$(TEST_HOST)";
				CODE_SIGN_STYLE = Automatic;
				DEVELOPMENT_TEAM = 64KKU33NVH;
				INFOPLIST_FILE = "Food Diary App!Tests/Info.plist";
				LD_RUNPATH_SEARCH_PATHS = "$(inherited) @executable_path/Frameworks @loader_path/Frameworks";
				PRODUCT_BUNDLE_IDENTIFIER = "com.BenShih.Food-Diary-App-Tests";
				PRODUCT_NAME = "$(TARGET_NAME)";
				SWIFT_VERSION = 4.0;
				TARGETED_DEVICE_FAMILY = "1,2";
				TEST_HOST = "$(BUILT_PRODUCTS_DIR)/Food Diary App!.app/Food Diary App!";
			};
			name = Release;
		};
		B57935611FE022DE00E663DB /* Debug */ = {
			isa = XCBuildConfiguration;
			baseConfigurationReference = A08B397D9C4F0A1F200238EE /* Pods-Food Diary App!UITests.debug.xcconfig */;
			buildSettings = {
				ALWAYS_EMBED_SWIFT_STANDARD_LIBRARIES = YES;
				CODE_SIGN_STYLE = Automatic;
				DEVELOPMENT_TEAM = 64KKU33NVH;
				INFOPLIST_FILE = "Food Diary App!UITests/Info.plist";
				LD_RUNPATH_SEARCH_PATHS = "$(inherited) @executable_path/Frameworks @loader_path/Frameworks";
				PRODUCT_BUNDLE_IDENTIFIER = "com.BenShih.Food-Diary-App-UITests";
				PRODUCT_NAME = "$(TARGET_NAME)";
				SWIFT_VERSION = 4.0;
				TARGETED_DEVICE_FAMILY = "1,2";
				TEST_TARGET_NAME = "Food Diary App!";
			};
			name = Debug;
		};
		B57935621FE022DE00E663DB /* Release */ = {
			isa = XCBuildConfiguration;
			baseConfigurationReference = 9CCF8A4D64473F57091EEFC0 /* Pods-Food Diary App!UITests.release.xcconfig */;
			buildSettings = {
				ALWAYS_EMBED_SWIFT_STANDARD_LIBRARIES = YES;
				CODE_SIGN_STYLE = Automatic;
				DEVELOPMENT_TEAM = 64KKU33NVH;
				INFOPLIST_FILE = "Food Diary App!UITests/Info.plist";
				LD_RUNPATH_SEARCH_PATHS = "$(inherited) @executable_path/Frameworks @loader_path/Frameworks";
				PRODUCT_BUNDLE_IDENTIFIER = "com.BenShih.Food-Diary-App-UITests";
				PRODUCT_NAME = "$(TARGET_NAME)";
				SWIFT_VERSION = 4.0;
				TARGETED_DEVICE_FAMILY = "1,2";
				TEST_TARGET_NAME = "Food Diary App!";
			};
			name = Release;
		};
/* End XCBuildConfiguration section */

/* Begin XCConfigurationList section */
		B579352D1FE022DE00E663DB /* Build configuration list for PBXProject "Food Diary App!" */ = {
			isa = XCConfigurationList;
			buildConfigurations = (
				B57935581FE022DE00E663DB /* Debug */,
				B57935591FE022DE00E663DB /* Release */,
			);
			defaultConfigurationIsVisible = 0;
			defaultConfigurationName = Release;
		};
		B579355A1FE022DE00E663DB /* Build configuration list for PBXNativeTarget "Food Diary App!" */ = {
			isa = XCConfigurationList;
			buildConfigurations = (
				B579355B1FE022DE00E663DB /* Debug */,
				B579355C1FE022DE00E663DB /* Release */,
			);
			defaultConfigurationIsVisible = 0;
			defaultConfigurationName = Release;
		};
		B579355D1FE022DE00E663DB /* Build configuration list for PBXNativeTarget "Food Diary App!Tests" */ = {
			isa = XCConfigurationList;
			buildConfigurations = (
				B579355E1FE022DE00E663DB /* Debug */,
				B579355F1FE022DE00E663DB /* Release */,
			);
			defaultConfigurationIsVisible = 0;
			defaultConfigurationName = Release;
		};
		B57935601FE022DE00E663DB /* Build configuration list for PBXNativeTarget "Food Diary App!UITests" */ = {
			isa = XCConfigurationList;
			buildConfigurations = (
				B57935611FE022DE00E663DB /* Debug */,
				B57935621FE022DE00E663DB /* Release */,
			);
			defaultConfigurationIsVisible = 0;
			defaultConfigurationName = Release;
		};
/* End XCConfigurationList section */

/* Begin XCVersionGroup section */
		B5C42E261FF80F8D002B887A /* Food Diary App!.xcdatamodeld */ = {
			isa = XCVersionGroup;
			children = (
				B5C42E271FF80F8D002B887A /* Core Data.xcdatamodel */,
			);
			currentVersion = B5C42E271FF80F8D002B887A /* Core Data.xcdatamodel */;
			path = "Food Diary App!.xcdatamodeld";
			sourceTree = "<group>";
			versionGroupType = wrapper.xcdatamodel;
		};
/* End XCVersionGroup section */
	};
	rootObject = B579352A1FE022DE00E663DB /* Project object */;
}
